
Microsoft Visual Studio Solution File, Format Version 12.00
# Visual Studio 2015
Project("{FAE04EC0-301F-11D3-BF4B-00C04F79EFBC}") = "Warcraft.CSharp.Plugins", "Warcraft.CSharp.Plugins.csproj", "{C1F0B750-EDEB-0DA6-2C53-80439302FD00}"
EndProject
Project("{FAE04EC0-301F-11D3-BF4B-00C04F79EFBC}") = "Warcraft.CSharp", "Warcraft.CSharp.csproj", "{BB26D338-1FB9-8C60-059D-B445EE0489D5}"
EndProject
Project("{FAE04EC0-301F-11D3-BF4B-00C04F79EFBC}") = "Warcraft.CSharp.Editor", "Warcraft.CSharp.Editor.csproj", "{C94888F9-3A80-7B25-8ED0-5E9D9F84A6EC}"
EndProject
Global
	GlobalSection(SolutionConfigurationPlatforms) = preSolution
		Debug|Any CPU = Debug|Any CPU
		Release|Any CPU = Release|Any CPU
	EndGlobalSection
	GlobalSection(ProjectConfigurationPlatforms) = postSolution
		{C1F0B750-EDEB-0DA6-2C53-80439302FD00}.Debug|Any CPU.ActiveCfg = Debug|Any CPU
		{C1F0B750-EDEB-0DA6-2C53-80439302FD00}.Debug|Any CPU.Build.0 = Debug|Any CPU
		{C1F0B750-EDEB-0DA6-2C53-80439302FD00}.Release|Any CPU.ActiveCfg = Release|Any CPU
		{C1F0B750-EDEB-0DA6-2C53-80439302FD00}.Release|Any CPU.Build.0 = Release|Any CPU
		{BB26D338-1FB9-8C60-059D-B445EE0489D5}.Debug|Any CPU.ActiveCfg = Debug|Any CPU
		{BB26D338-1FB9-8C60-059D-B445EE0489D5}.Debug|Any CPU.Build.0 = Debug|Any CPU
		{BB26D338-1FB9-8C60-059D-B445EE0489D5}.Release|Any CPU.ActiveCfg = Release|Any CPU
		{BB26D338-1FB9-8C60-059D-B445EE0489D5}.Release|Any CPU.Build.0 = Release|Any CPU
		{C94888F9-3A80-7B25-8ED0-5E9D9F84A6EC}.Debug|Any CPU.ActiveCfg = Debug|Any CPU
		{C94888F9-3A80-7B25-8ED0-5E9D9F84A6EC}.Debug|Any CPU.Build.0 = Debug|Any CPU
		{C94888F9-3A80-7B25-8ED0-5E9D9F84A6EC}.Release|Any CPU.ActiveCfg = Release|Any CPU
		{C94888F9-3A80-7B25-8ED0-5E9D9F84A6EC}.Release|Any CPU.Build.0 = Release|Any CPU
	EndGlobalSection
	GlobalSection(SolutionProperties) = preSolution
		HideSolutionNode = FALSE
	EndGlobalSection
EndGlobal
